
Microsoft Visual Studio Solution File, Format Version 12.00
# Visual Studio 15
VisualStudioVersion = 15.0.27703.2035
MinimumVisualStudioVersion = 10.0.40219.1
Project("{9A19103F-16F7-4668-BE54-9A1E7A4F7556}") = "iBDZ.App", "iBDZ.App\iBDZ.App.csproj", "{6308DFCE-F744-474E-B0CB-46BBEEC64408}"
EndProject
Project("{9A19103F-16F7-4668-BE54-9A1E7A4F7556}") = "iBDZ.Data", "iBDZ.Data\iBDZ.Data.csproj", "{A61F35D9-579F-4B38-A4FD-5DBBC1F7BA9B}"
EndProject
Global
	GlobalSection(SolutionConfigurationPlatforms) = preSolution
		Debug|Any CPU = Debug|Any CPU
		Release|Any CPU = Release|Any CPU
	EndGlobalSection
	GlobalSection(ProjectConfigurationPlatforms) = postSolution
		{6308DFCE-F744-474E-B0CB-46BBEEC64408}.Debug|Any CPU.ActiveCfg = Debug|Any CPU
		{6308DFCE-F744-474E-B0CB-46BBEEC64408}.Debug|Any CPU.Build.0 = Debug|Any CPU
		{6308DFCE-F744-474E-B0CB-46BBEEC64408}.Release|Any CPU.ActiveCfg = Release|Any CPU
		{6308DFCE-F744-474E-B0CB-46BBEEC64408}.Release|Any CPU.Build.0 = Release|Any CPU
		{A61F35D9-579F-4B38-A4FD-5DBBC1F7BA9B}.Debug|Any CPU.ActiveCfg = Debug|Any CPU
		{A61F35D9-579F-4B38-A4FD-5DBBC1F7BA9B}.Debug|Any CPU.Build.0 = Debug|Any CPU
		{A61F35D9-579F-4B38-A4FD-5DBBC1F7BA9B}.Release|Any CPU.ActiveCfg = Release|Any CPU
		{A61F35D9-579F-4B38-A4FD-5DBBC1F7BA9B}.Release|Any CPU.Build.0 = Release|Any CPU
	EndGlobalSection
	GlobalSection(SolutionProperties) = preSolution
		HideSolutionNode = FALSE
	EndGlobalSection
	GlobalSection(ExtensibilityGlobals) = postSolution
		SolutionGuid = {9DF71A45-4936-4633-91D1-7D9244B395C7}
	EndGlobalSection
EndGlobal
